
Microsoft Visual Studio Solution File, Format Version 12.00
# Visual Studio 15
VisualStudioVersion = 15.0.28307.329
MinimumVisualStudioVersion = 10.0.40219.1
Project("{FAE04EC0-301F-11D3-BF4B-00C04F79EFBC}") = "VAT_Validation", "Vat Validation\VAT_Validation.csproj", "{2F401589-EE11-4E55-9871-1DED7B1B496F}"
EndProject
Project("{9A19103F-16F7-4668-BE54-9A1E7A4F7556}") = "NUnitTest", "NUnitTest\NUnitTest.csproj", "{44A2D252-7A00-4577-BA0B-5A02591D8BA4}"
EndProject
Global
	GlobalSection(SolutionConfigurationPlatforms) = preSolution
		Debug|Any CPU = Debug|Any CPU
		Release|Any CPU = Release|Any CPU
	EndGlobalSection
	GlobalSection(ProjectConfigurationPlatforms) = postSolution
		{2F401589-EE11-4E55-9871-1DED7B1B496F}.Debug|Any CPU.ActiveCfg = Debug|Any CPU
		{2F401589-EE11-4E55-9871-1DED7B1B496F}.Debug|Any CPU.Build.0 = Debug|Any CPU
		{2F401589-EE11-4E55-9871-1DED7B1B496F}.Release|Any CPU.ActiveCfg = Release|Any CPU
		{2F401589-EE11-4E55-9871-1DED7B1B496F}.Release|Any CPU.Build.0 = Release|Any CPU
		{44A2D252-7A00-4577-BA0B-5A02591D8BA4}.Debug|Any CPU.ActiveCfg = Debug|Any CPU
		{44A2D252-7A00-4577-BA0B-5A02591D8BA4}.Debug|Any CPU.Build.0 = Debug|Any CPU
		{44A2D252-7A00-4577-BA0B-5A02591D8BA4}.Release|Any CPU.ActiveCfg = Release|Any CPU
		{44A2D252-7A00-4577-BA0B-5A02591D8BA4}.Release|Any CPU.Build.0 = Release|Any CPU
	EndGlobalSection
	GlobalSection(SolutionProperties) = preSolution
		HideSolutionNode = FALSE
	EndGlobalSection
	GlobalSection(ExtensibilityGlobals) = postSolution
		SolutionGuid = {F81F47D5-7836-496D-8DAD-50666A72A489}
	EndGlobalSection
EndGlobal
